<?xml version="1.0" encoding="utf-8"?>
<Project ToolsVersion="15.0" xmlns="http://schemas.microsoft.com/developer/msbuild/2003">
  <ItemGroup>
    <CustomBuild Include="C:\Users\Valorum\Documents\WeatherApp\Cmake\CMakeFiles\92e3d67eff27d9d03c65f205ac308222\generate.stamp.rule">
      <Filter>CMake Rules</Filter>
    </CustomBuild>
  </ItemGroup>
  <ItemGroup>
    <Filter Include="CMake Rules">
      <UniqueIdentifier>{DAE314E5-14B1-315C-88D6-9BFF61024B2E}</UniqueIdentifier>
    </Filter>
  </ItemGroup>
</Project>
